// !$*UTF8*$!
{
	archiveVersion = 1;
	classes = {
	};
	objectVersion = 48;
	objects = {

/* Begin PBXBuildFile section */
		55A1DF76F5D739E70BA43779 /* Pods_foodsy.framework in Frameworks */ = {isa = PBXBuildFile; fileRef = 8EDB72439C20CFA1B968681E /* Pods_foodsy.framework */; };
		5D0983F2DD4C4CF468B24EA2 /* Pods_foodsyTests.framework in Frameworks */ = {isa = PBXBuildFile; fileRef = 0FCBCE2938D2E85D2B42A74D /* Pods_foodsyTests.framework */; };
		68243AF81F943BA60016F9F8 /* IngredientList.storyboard in Resources */ = {isa = PBXBuildFile; fileRef = 68243AF71F943BA60016F9F8 /* IngredientList.storyboard */; };
		68243AFA1F943FCD0016F9F8 /* IngredientsListViewController.swift in Sources */ = {isa = PBXBuildFile; fileRef = 68243AF91F943FCD0016F9F8 /* IngredientsListViewController.swift */; };
		68243AFD1F943FF70016F9F8 /* IngredientTableViewCell.swift in Sources */ = {isa = PBXBuildFile; fileRef = 68243AFB1F943FF70016F9F8 /* IngredientTableViewCell.swift */; };
		68243AFE1F943FF70016F9F8 /* IngredientTableViewCell.xib in Resources */ = {isa = PBXBuildFile; fileRef = 68243AFC1F943FF70016F9F8 /* IngredientTableViewCell.xib */; };
		68243B001F9454400016F9F8 /* IngredientSearchViewController.swift in Sources */ = {isa = PBXBuildFile; fileRef = 68243AFF1F9454400016F9F8 /* IngredientSearchViewController.swift */; };
		68243B021F9457D50016F9F8 /* IngredientClient.swift in Sources */ = {isa = PBXBuildFile; fileRef = 68243B011F9457D50016F9F8 /* IngredientClient.swift */; };
		6832DCC81F9031550044ADCC /* TwitterClient.swift in Sources */ = {isa = PBXBuildFile; fileRef = 6832DCC71F9031550044ADCC /* TwitterClient.swift */; };
		6832DCCA1F9031BD0044ADCC /* User.swift in Sources */ = {isa = PBXBuildFile; fileRef = 6832DCC91F9031BD0044ADCC /* User.swift */; };
		68D51C6E1F928AA400EAF4D0 /* ApiToken.swift in Sources */ = {isa = PBXBuildFile; fileRef = 68D51C6D1F928AA400EAF4D0 /* ApiToken.swift */; };
		821FB45C1F8CB9E400722263 /* Profile.storyboard in Resources */ = {isa = PBXBuildFile; fileRef = 821FB45A1F8CB9E400722263 /* Profile.storyboard */; };
		821FB4601F8CBE4F00722263 /* Profile.swift in Sources */ = {isa = PBXBuildFile; fileRef = 821FB45F1F8CBE4F00722263 /* Profile.swift */; };
		821FB4641F8CBEFE00722263 /* Constants.swift in Sources */ = {isa = PBXBuildFile; fileRef = 821FB4631F8CBEFE00722263 /* Constants.swift */; };
		821FB4661F8CC00500722263 /* ProfileViewController.swift in Sources */ = {isa = PBXBuildFile; fileRef = 821FB4651F8CC00500722263 /* ProfileViewController.swift */; };
		82893BCE1F8CB505000193A5 /* AppDelegate.swift in Sources */ = {isa = PBXBuildFile; fileRef = 82893BCD1F8CB505000193A5 /* AppDelegate.swift */; };
		82893BD01F8CB505000193A5 /* LoginViewController.swift in Sources */ = {isa = PBXBuildFile; fileRef = 82893BCF1F8CB505000193A5 /* LoginViewController.swift */; };
		82893BD31F8CB505000193A5 /* Main.storyboard in Resources */ = {isa = PBXBuildFile; fileRef = 82893BD11F8CB505000193A5 /* Main.storyboard */; };
		82893BD61F8CB505000193A5 /* foodsy.xcdatamodeld in Sources */ = {isa = PBXBuildFile; fileRef = 82893BD41F8CB505000193A5 /* foodsy.xcdatamodeld */; };
		82893BD81F8CB505000193A5 /* Assets.xcassets in Resources */ = {isa = PBXBuildFile; fileRef = 82893BD71F8CB505000193A5 /* Assets.xcassets */; };
		82893BDB1F8CB505000193A5 /* LaunchScreen.storyboard in Resources */ = {isa = PBXBuildFile; fileRef = 82893BD91F8CB505000193A5 /* LaunchScreen.storyboard */; };
		82893BE61F8CB505000193A5 /* foodsyTests.swift in Sources */ = {isa = PBXBuildFile; fileRef = 82893BE51F8CB505000193A5 /* foodsyTests.swift */; };
		82893BF11F8CB505000193A5 /* foodsyUITests.swift in Sources */ = {isa = PBXBuildFile; fileRef = 82893BF01F8CB505000193A5 /* foodsyUITests.swift */; };
		829C44F81F90A3FA001B3439 /* Login.storyboard in Resources */ = {isa = PBXBuildFile; fileRef = 829C44F61F90A3FA001B3439 /* Login.storyboard */; };
		829C44FA1F90A759001B3439 /* AppStoryboard.swift in Sources */ = {isa = PBXBuildFile; fileRef = 829C44F91F90A759001B3439 /* AppStoryboard.swift */; };
		829C44FC1F90A925001B3439 /* ProfileSetupView.swift in Sources */ = {isa = PBXBuildFile; fileRef = 829C44FB1F90A925001B3439 /* ProfileSetupView.swift */; };
		829C44FE1F90A940001B3439 /* ProfileSetupView.xib in Resources */ = {isa = PBXBuildFile; fileRef = 829C44FD1F90A940001B3439 /* ProfileSetupView.xib */; };
		829C45011F90BF40001B3439 /* Ingredient.swift in Sources */ = {isa = PBXBuildFile; fileRef = 829C45001F90BF40001B3439 /* Ingredient.swift */; };
		829C450F1F928E9B001B3439 /* Filters.storyboard in Resources */ = {isa = PBXBuildFile; fileRef = 829C450D1F928E9B001B3439 /* Filters.storyboard */; };
		829C45111F928EA8001B3439 /* FiltersViewController.swift in Sources */ = {isa = PBXBuildFile; fileRef = 829C45101F928EA8001B3439 /* FiltersViewController.swift */; };
		829C45141F928F42001B3439 /* FiltersSwitchCell.swift in Sources */ = {isa = PBXBuildFile; fileRef = 829C45121F928F42001B3439 /* FiltersSwitchCell.swift */; };
		829C45151F928F42001B3439 /* FiltersSwitchCell.xib in Resources */ = {isa = PBXBuildFile; fileRef = 829C45131F928F42001B3439 /* FiltersSwitchCell.xib */; };
		829C45181F928F56001B3439 /* FiltersSelectCell.swift in Sources */ = {isa = PBXBuildFile; fileRef = 829C45161F928F56001B3439 /* FiltersSelectCell.swift */; };
		829C45191F928F56001B3439 /* FiltersSelectCell.xib in Resources */ = {isa = PBXBuildFile; fileRef = 829C45171F928F56001B3439 /* FiltersSelectCell.xib */; };
		829C45201F929017001B3439 /* FiltersCollapsedCell.swift in Sources */ = {isa = PBXBuildFile; fileRef = 829C451E1F929017001B3439 /* FiltersCollapsedCell.swift */; };
		829C45211F929017001B3439 /* FiltersCollapsedCell.xib in Resources */ = {isa = PBXBuildFile; fileRef = 829C451F1F929017001B3439 /* FiltersCollapsedCell.xib */; };
		829C45231F941F20001B3439 /* FiltersTableView.swift in Sources */ = {isa = PBXBuildFile; fileRef = 829C45221F941F1F001B3439 /* FiltersTableView.swift */; };
		829C45261F9475FE001B3439 /* Recipe.storyboard in Resources */ = {isa = PBXBuildFile; fileRef = 829C45241F9475FE001B3439 /* Recipe.storyboard */; };
		829C452C1F947D26001B3439 /* RecipeInstructionView.swift in Sources */ = {isa = PBXBuildFile; fileRef = 829C452B1F947D26001B3439 /* RecipeInstructionView.swift */; };
		829C452E1F947D49001B3439 /* RecipeInstructionView.xib in Resources */ = {isa = PBXBuildFile; fileRef = 829C452D1F947D49001B3439 /* RecipeInstructionView.xib */; };
		829C45321F9480E7001B3439 /* RecipeDetailsViewController.swift in Sources */ = {isa = PBXBuildFile; fileRef = 829C45311F9480E7001B3439 /* RecipeDetailsViewController.swift */; };
		829C45341F9497BA001B3439 /* Recipe.swift in Sources */ = {isa = PBXBuildFile; fileRef = 829C45331F9497BA001B3439 /* Recipe.swift */; };
		829C45361F94A02D001B3439 /* RecipeClient.swift in Sources */ = {isa = PBXBuildFile; fileRef = 829C45351F94A02D001B3439 /* RecipeClient.swift */; };
		829C45391F94A9E3001B3439 /* RecipeList.storyboard in Resources */ = {isa = PBXBuildFile; fileRef = 829C45371F94A9E3001B3439 /* RecipeList.storyboard */; };
		829C453B1F94B016001B3439 /* RecipeListViewController.swift in Sources */ = {isa = PBXBuildFile; fileRef = 829C453A1F94B016001B3439 /* RecipeListViewController.swift */; };
		829C453E1F94B08E001B3439 /* RecipeCell.swift in Sources */ = {isa = PBXBuildFile; fileRef = 829C453C1F94B08E001B3439 /* RecipeCell.swift */; };
		829C453F1F94B08E001B3439 /* RecipeCell.xib in Resources */ = {isa = PBXBuildFile; fileRef = 829C453D1F94B08E001B3439 /* RecipeCell.xib */; };
		829C45411F94B4FB001B3439 /* RecipeTableView.swift in Sources */ = {isa = PBXBuildFile; fileRef = 829C45401F94B4FB001B3439 /* RecipeTableView.swift */; };
		829C45451F95D03B001B3439 /* RecipeIngredientsView.xib in Resources */ = {isa = PBXBuildFile; fileRef = 829C45441F95D03B001B3439 /* RecipeIngredientsView.xib */; };
		829C45471F95D0C1001B3439 /* RecipeIngredientsView.swift in Sources */ = {isa = PBXBuildFile; fileRef = 829C45461F95D0C1001B3439 /* RecipeIngredientsView.swift */; };
		F2AF9C40662FABD147FEBA9D /* Pods_foodsyUITests.framework in Frameworks */ = {isa = PBXBuildFile; fileRef = 94C3C6BC3927A69E0C41D872 /* Pods_foodsyUITests.framework */; };
/* End PBXBuildFile section */

/* Begin PBXContainerItemProxy section */
		82893BE21F8CB505000193A5 /* PBXContainerItemProxy */ = {
			isa = PBXContainerItemProxy;
			containerPortal = 82893BC21F8CB505000193A5 /* Project object */;
			proxyType = 1;
			remoteGlobalIDString = 82893BC91F8CB505000193A5;
			remoteInfo = foodsy;
		};
		82893BED1F8CB505000193A5 /* PBXContainerItemProxy */ = {
			isa = PBXContainerItemProxy;
			containerPortal = 82893BC21F8CB505000193A5 /* Project object */;
			proxyType = 1;
			remoteGlobalIDString = 82893BC91F8CB505000193A5;
			remoteInfo = foodsy;
		};
/* End PBXContainerItemProxy section */

/* Begin PBXFileReference section */
		095D13F917A6062C66CC8B26 /* Pods-foodsyUITests.release.xcconfig */ = {isa = PBXFileReference; includeInIndex = 1; lastKnownFileType = text.xcconfig; name = "Pods-foodsyUITests.release.xcconfig"; path = "Pods/Target Support Files/Pods-foodsyUITests/Pods-foodsyUITests.release.xcconfig"; sourceTree = "<group>"; };
		0FCBCE2938D2E85D2B42A74D /* Pods_foodsyTests.framework */ = {isa = PBXFileReference; explicitFileType = wrapper.framework; includeInIndex = 0; path = Pods_foodsyTests.framework; sourceTree = BUILT_PRODUCTS_DIR; };
		46CC0D44A69F21D64C296C71 /* Pods-foodsyTests.debug.xcconfig */ = {isa = PBXFileReference; includeInIndex = 1; lastKnownFileType = text.xcconfig; name = "Pods-foodsyTests.debug.xcconfig"; path = "Pods/Target Support Files/Pods-foodsyTests/Pods-foodsyTests.debug.xcconfig"; sourceTree = "<group>"; };
		68243AF71F943BA60016F9F8 /* IngredientList.storyboard */ = {isa = PBXFileReference; lastKnownFileType = file.storyboard; path = IngredientList.storyboard; sourceTree = "<group>"; };
		68243AF91F943FCD0016F9F8 /* IngredientsListViewController.swift */ = {isa = PBXFileReference; lastKnownFileType = sourcecode.swift; path = IngredientsListViewController.swift; sourceTree = "<group>"; };
		68243AFB1F943FF70016F9F8 /* IngredientTableViewCell.swift */ = {isa = PBXFileReference; lastKnownFileType = sourcecode.swift; path = IngredientTableViewCell.swift; sourceTree = "<group>"; };
		68243AFC1F943FF70016F9F8 /* IngredientTableViewCell.xib */ = {isa = PBXFileReference; lastKnownFileType = file.xib; path = IngredientTableViewCell.xib; sourceTree = "<group>"; };
		68243AFF1F9454400016F9F8 /* IngredientSearchViewController.swift */ = {isa = PBXFileReference; lastKnownFileType = sourcecode.swift; path = IngredientSearchViewController.swift; sourceTree = "<group>"; };
		68243B011F9457D50016F9F8 /* IngredientClient.swift */ = {isa = PBXFileReference; lastKnownFileType = sourcecode.swift; path = IngredientClient.swift; sourceTree = "<group>"; };
		6832DCC71F9031550044ADCC /* TwitterClient.swift */ = {isa = PBXFileReference; lastKnownFileType = sourcecode.swift; path = TwitterClient.swift; sourceTree = "<group>"; };
		6832DCC91F9031BD0044ADCC /* User.swift */ = {isa = PBXFileReference; lastKnownFileType = sourcecode.swift; path = User.swift; sourceTree = "<group>"; };
		68D51C6D1F928AA400EAF4D0 /* ApiToken.swift */ = {isa = PBXFileReference; lastKnownFileType = sourcecode.swift; path = ApiToken.swift; sourceTree = "<group>"; };
		6E73ACB0888BF240657DCA6B /* Pods-foodsyTests.release.xcconfig */ = {isa = PBXFileReference; includeInIndex = 1; lastKnownFileType = text.xcconfig; name = "Pods-foodsyTests.release.xcconfig"; path = "Pods/Target Support Files/Pods-foodsyTests/Pods-foodsyTests.release.xcconfig"; sourceTree = "<group>"; };
		821FB45B1F8CB9E400722263 /* Base */ = {isa = PBXFileReference; lastKnownFileType = file.storyboard; name = Base; path = Base.lproj/Profile.storyboard; sourceTree = "<group>"; };
		821FB45F1F8CBE4F00722263 /* Profile.swift */ = {isa = PBXFileReference; lastKnownFileType = sourcecode.swift; path = Profile.swift; sourceTree = "<group>"; };
		821FB4631F8CBEFE00722263 /* Constants.swift */ = {isa = PBXFileReference; lastKnownFileType = sourcecode.swift; path = Constants.swift; sourceTree = "<group>"; };
		821FB4651F8CC00500722263 /* ProfileViewController.swift */ = {isa = PBXFileReference; lastKnownFileType = sourcecode.swift; path = ProfileViewController.swift; sourceTree = "<group>"; };
		82893BCA1F8CB505000193A5 /* foodsy.app */ = {isa = PBXFileReference; explicitFileType = wrapper.application; includeInIndex = 0; path = foodsy.app; sourceTree = BUILT_PRODUCTS_DIR; };
		82893BCD1F8CB505000193A5 /* AppDelegate.swift */ = {isa = PBXFileReference; lastKnownFileType = sourcecode.swift; path = AppDelegate.swift; sourceTree = "<group>"; };
		82893BCF1F8CB505000193A5 /* LoginViewController.swift */ = {isa = PBXFileReference; lastKnownFileType = sourcecode.swift; path = LoginViewController.swift; sourceTree = "<group>"; };
		82893BD21F8CB505000193A5 /* Base */ = {isa = PBXFileReference; lastKnownFileType = file.storyboard; name = Base; path = Base.lproj/Main.storyboard; sourceTree = "<group>"; };
		82893BD51F8CB505000193A5 /* foodsy.xcdatamodel */ = {isa = PBXFileReference; lastKnownFileType = wrapper.xcdatamodel; path = foodsy.xcdatamodel; sourceTree = "<group>"; };
		82893BD71F8CB505000193A5 /* Assets.xcassets */ = {isa = PBXFileReference; lastKnownFileType = folder.assetcatalog; path = Assets.xcassets; sourceTree = "<group>"; };
		82893BDA1F8CB505000193A5 /* Base */ = {isa = PBXFileReference; lastKnownFileType = file.storyboard; name = Base; path = Base.lproj/LaunchScreen.storyboard; sourceTree = "<group>"; };
		82893BDC1F8CB505000193A5 /* Info.plist */ = {isa = PBXFileReference; lastKnownFileType = text.plist.xml; path = Info.plist; sourceTree = "<group>"; };
		82893BE11F8CB505000193A5 /* foodsyTests.xctest */ = {isa = PBXFileReference; explicitFileType = wrapper.cfbundle; includeInIndex = 0; path = foodsyTests.xctest; sourceTree = BUILT_PRODUCTS_DIR; };
		82893BE51F8CB505000193A5 /* foodsyTests.swift */ = {isa = PBXFileReference; lastKnownFileType = sourcecode.swift; path = foodsyTests.swift; sourceTree = "<group>"; };
		82893BE71F8CB505000193A5 /* Info.plist */ = {isa = PBXFileReference; lastKnownFileType = text.plist.xml; path = Info.plist; sourceTree = "<group>"; };
		82893BEC1F8CB505000193A5 /* foodsyUITests.xctest */ = {isa = PBXFileReference; explicitFileType = wrapper.cfbundle; includeInIndex = 0; path = foodsyUITests.xctest; sourceTree = BUILT_PRODUCTS_DIR; };
		82893BF01F8CB505000193A5 /* foodsyUITests.swift */ = {isa = PBXFileReference; lastKnownFileType = sourcecode.swift; path = foodsyUITests.swift; sourceTree = "<group>"; };
		82893BF21F8CB505000193A5 /* Info.plist */ = {isa = PBXFileReference; lastKnownFileType = text.plist.xml; path = Info.plist; sourceTree = "<group>"; };
		829C44F71F90A3FA001B3439 /* Base */ = {isa = PBXFileReference; lastKnownFileType = file.storyboard; name = Base; path = Base.lproj/Login.storyboard; sourceTree = "<group>"; };
		829C44F91F90A759001B3439 /* AppStoryboard.swift */ = {isa = PBXFileReference; lastKnownFileType = sourcecode.swift; path = AppStoryboard.swift; sourceTree = "<group>"; };
		829C44FB1F90A925001B3439 /* ProfileSetupView.swift */ = {isa = PBXFileReference; lastKnownFileType = sourcecode.swift; path = ProfileSetupView.swift; sourceTree = "<group>"; };
		829C44FD1F90A940001B3439 /* ProfileSetupView.xib */ = {isa = PBXFileReference; lastKnownFileType = file.xib; path = ProfileSetupView.xib; sourceTree = "<group>"; };
		829C45001F90BF40001B3439 /* Ingredient.swift */ = {isa = PBXFileReference; lastKnownFileType = sourcecode.swift; path = Ingredient.swift; sourceTree = "<group>"; };
		829C450E1F928E9B001B3439 /* Base */ = {isa = PBXFileReference; lastKnownFileType = file.storyboard; name = Base; path = Base.lproj/Filters.storyboard; sourceTree = "<group>"; };
		829C45101F928EA8001B3439 /* FiltersViewController.swift */ = {isa = PBXFileReference; lastKnownFileType = sourcecode.swift; path = FiltersViewController.swift; sourceTree = "<group>"; };
		829C45121F928F42001B3439 /* FiltersSwitchCell.swift */ = {isa = PBXFileReference; lastKnownFileType = sourcecode.swift; path = FiltersSwitchCell.swift; sourceTree = "<group>"; };
		829C45131F928F42001B3439 /* FiltersSwitchCell.xib */ = {isa = PBXFileReference; lastKnownFileType = file.xib; path = FiltersSwitchCell.xib; sourceTree = "<group>"; };
		829C45161F928F56001B3439 /* FiltersSelectCell.swift */ = {isa = PBXFileReference; lastKnownFileType = sourcecode.swift; path = FiltersSelectCell.swift; sourceTree = "<group>"; };
		829C45171F928F56001B3439 /* FiltersSelectCell.xib */ = {isa = PBXFileReference; lastKnownFileType = file.xib; path = FiltersSelectCell.xib; sourceTree = "<group>"; };
		829C451E1F929017001B3439 /* FiltersCollapsedCell.swift */ = {isa = PBXFileReference; lastKnownFileType = sourcecode.swift; path = FiltersCollapsedCell.swift; sourceTree = "<group>"; };
		829C451F1F929017001B3439 /* FiltersCollapsedCell.xib */ = {isa = PBXFileReference; lastKnownFileType = file.xib; path = FiltersCollapsedCell.xib; sourceTree = "<group>"; };
		829C45221F941F1F001B3439 /* FiltersTableView.swift */ = {isa = PBXFileReference; lastKnownFileType = sourcecode.swift; path = FiltersTableView.swift; sourceTree = "<group>"; };
		829C45251F9475FE001B3439 /* Base */ = {isa = PBXFileReference; lastKnownFileType = file.storyboard; name = Base; path = Base.lproj/Recipe.storyboard; sourceTree = "<group>"; };
		829C452B1F947D26001B3439 /* RecipeInstructionView.swift */ = {isa = PBXFileReference; lastKnownFileType = sourcecode.swift; path = RecipeInstructionView.swift; sourceTree = "<group>"; };
		829C452D1F947D49001B3439 /* RecipeInstructionView.xib */ = {isa = PBXFileReference; lastKnownFileType = file.xib; path = RecipeInstructionView.xib; sourceTree = "<group>"; };
		829C45311F9480E7001B3439 /* RecipeDetailsViewController.swift */ = {isa = PBXFileReference; lastKnownFileType = sourcecode.swift; path = RecipeDetailsViewController.swift; sourceTree = "<group>"; };
		829C45331F9497BA001B3439 /* Recipe.swift */ = {isa = PBXFileReference; lastKnownFileType = sourcecode.swift; path = Recipe.swift; sourceTree = "<group>"; };
		829C45351F94A02D001B3439 /* RecipeClient.swift */ = {isa = PBXFileReference; lastKnownFileType = sourcecode.swift; path = RecipeClient.swift; sourceTree = "<group>"; };
		829C45381F94A9E3001B3439 /* Base */ = {isa = PBXFileReference; lastKnownFileType = file.storyboard; name = Base; path = Base.lproj/RecipeList.storyboard; sourceTree = "<group>"; };
		829C453A1F94B016001B3439 /* RecipeListViewController.swift */ = {isa = PBXFileReference; lastKnownFileType = sourcecode.swift; path = RecipeListViewController.swift; sourceTree = "<group>"; };
		829C453C1F94B08E001B3439 /* RecipeCell.swift */ = {isa = PBXFileReference; lastKnownFileType = sourcecode.swift; path = RecipeCell.swift; sourceTree = "<group>"; };
		829C453D1F94B08E001B3439 /* RecipeCell.xib */ = {isa = PBXFileReference; lastKnownFileType = file.xib; path = RecipeCell.xib; sourceTree = "<group>"; };
		829C45401F94B4FB001B3439 /* RecipeTableView.swift */ = {isa = PBXFileReference; lastKnownFileType = sourcecode.swift; path = RecipeTableView.swift; sourceTree = "<group>"; };
		829C45441F95D03B001B3439 /* RecipeIngredientsView.xib */ = {isa = PBXFileReference; lastKnownFileType = file.xib; path = RecipeIngredientsView.xib; sourceTree = "<group>"; };
		829C45461F95D0C1001B3439 /* RecipeIngredientsView.swift */ = {isa = PBXFileReference; lastKnownFileType = sourcecode.swift; path = RecipeIngredientsView.swift; sourceTree = "<group>"; };
		8E7106DC05E48A37A3B41E57 /* Pods-foodsyUITests.debug.xcconfig */ = {isa = PBXFileReference; includeInIndex = 1; lastKnownFileType = text.xcconfig; name = "Pods-foodsyUITests.debug.xcconfig"; path = "Pods/Target Support Files/Pods-foodsyUITests/Pods-foodsyUITests.debug.xcconfig"; sourceTree = "<group>"; };
		8EDB72439C20CFA1B968681E /* Pods_foodsy.framework */ = {isa = PBXFileReference; explicitFileType = wrapper.framework; includeInIndex = 0; path = Pods_foodsy.framework; sourceTree = BUILT_PRODUCTS_DIR; };
		94C3C6BC3927A69E0C41D872 /* Pods_foodsyUITests.framework */ = {isa = PBXFileReference; explicitFileType = wrapper.framework; includeInIndex = 0; path = Pods_foodsyUITests.framework; sourceTree = BUILT_PRODUCTS_DIR; };
		A2F48C7FE5EA8FB75B52A853 /* Pods-foodsy.debug.xcconfig */ = {isa = PBXFileReference; includeInIndex = 1; lastKnownFileType = text.xcconfig; name = "Pods-foodsy.debug.xcconfig"; path = "Pods/Target Support Files/Pods-foodsy/Pods-foodsy.debug.xcconfig"; sourceTree = "<group>"; };
		AD28502749A13D7EC72BA627 /* Pods-foodsy.release.xcconfig */ = {isa = PBXFileReference; includeInIndex = 1; lastKnownFileType = text.xcconfig; name = "Pods-foodsy.release.xcconfig"; path = "Pods/Target Support Files/Pods-foodsy/Pods-foodsy.release.xcconfig"; sourceTree = "<group>"; };
/* End PBXFileReference section */

/* Begin PBXFrameworksBuildPhase section */
		82893BC71F8CB505000193A5 /* Frameworks */ = {
			isa = PBXFrameworksBuildPhase;
			buildActionMask = 2147483647;
			files = (
				55A1DF76F5D739E70BA43779 /* Pods_foodsy.framework in Frameworks */,
			);
			runOnlyForDeploymentPostprocessing = 0;
		};
		82893BDE1F8CB505000193A5 /* Frameworks */ = {
			isa = PBXFrameworksBuildPhase;
			buildActionMask = 2147483647;
			files = (
				5D0983F2DD4C4CF468B24EA2 /* Pods_foodsyTests.framework in Frameworks */,
			);
			runOnlyForDeploymentPostprocessing = 0;
		};
		82893BE91F8CB505000193A5 /* Frameworks */ = {
			isa = PBXFrameworksBuildPhase;
			buildActionMask = 2147483647;
			files = (
				F2AF9C40662FABD147FEBA9D /* Pods_foodsyUITests.framework in Frameworks */,
			);
			runOnlyForDeploymentPostprocessing = 0;
		};
/* End PBXFrameworksBuildPhase section */

/* Begin PBXGroup section */
		6832DCC61F9030D00044ADCC /* API */ = {
			isa = PBXGroup;
			children = (
				6832DCC71F9031550044ADCC /* TwitterClient.swift */,
				68243B011F9457D50016F9F8 /* IngredientClient.swift */,
				829C45351F94A02D001B3439 /* RecipeClient.swift */,
			);
			path = API;
			sourceTree = "<group>";
		};
		821FB4561F8CB99100722263 /* Models */ = {
			isa = PBXGroup;
			children = (
				821FB45F1F8CBE4F00722263 /* Profile.swift */,
				6832DCC91F9031BD0044ADCC /* User.swift */,
				829C45001F90BF40001B3439 /* Ingredient.swift */,
				68D51C6D1F928AA400EAF4D0 /* ApiToken.swift */,
				829C45331F9497BA001B3439 /* Recipe.swift */,
			);
			path = Models;
			sourceTree = "<group>";
		};
		821FB4571F8CB9A700722263 /* ViewControllers */ = {
			isa = PBXGroup;
			children = (
				82893BCF1F8CB505000193A5 /* LoginViewController.swift */,
				821FB4651F8CC00500722263 /* ProfileViewController.swift */,
				829C45101F928EA8001B3439 /* FiltersViewController.swift */,
				68243AF91F943FCD0016F9F8 /* IngredientsListViewController.swift */,
				68243AFF1F9454400016F9F8 /* IngredientSearchViewController.swift */,
				829C45311F9480E7001B3439 /* RecipeDetailsViewController.swift */,
				829C453A1F94B016001B3439 /* RecipeListViewController.swift */,
			);
			path = ViewControllers;
			sourceTree = "<group>";
		};
		821FB4581F8CB9AF00722263 /* Views */ = {
			isa = PBXGroup;
			children = (
				821FB4591F8CB9AF00722263 /* XIB */,
				829C44FB1F90A925001B3439 /* ProfileSetupView.swift */,
				68243AFB1F943FF70016F9F8 /* IngredientTableViewCell.swift */,
				829C45121F928F42001B3439 /* FiltersSwitchCell.swift */,
				829C45161F928F56001B3439 /* FiltersSelectCell.swift */,
				829C451E1F929017001B3439 /* FiltersCollapsedCell.swift */,
				829C45221F941F1F001B3439 /* FiltersTableView.swift */,
				829C452B1F947D26001B3439 /* RecipeInstructionView.swift */,
				829C453C1F94B08E001B3439 /* RecipeCell.swift */,
				829C45401F94B4FB001B3439 /* RecipeTableView.swift */,
				829C45461F95D0C1001B3439 /* RecipeIngredientsView.swift */,
			);
			path = Views;
			sourceTree = "<group>";
		};
		821FB4591F8CB9AF00722263 /* XIB */ = {
			isa = PBXGroup;
			children = (
				829C45131F928F42001B3439 /* FiltersSwitchCell.xib */,
				829C45171F928F56001B3439 /* FiltersSelectCell.xib */,
				829C44FD1F90A940001B3439 /* ProfileSetupView.xib */,
				68243AFC1F943FF70016F9F8 /* IngredientTableViewCell.xib */,
				829C451F1F929017001B3439 /* FiltersCollapsedCell.xib */,
				829C452D1F947D49001B3439 /* RecipeInstructionView.xib */,
				829C453D1F94B08E001B3439 /* RecipeCell.xib */,
				829C45441F95D03B001B3439 /* RecipeIngredientsView.xib */,
			);
			path = XIB;
			sourceTree = "<group>";
		};
		82893BC11F8CB505000193A5 = {
			isa = PBXGroup;
			children = (
				82893BCC1F8CB505000193A5 /* foodsy */,
				82893BE41F8CB505000193A5 /* foodsyTests */,
				82893BEF1F8CB505000193A5 /* foodsyUITests */,
				82893BCB1F8CB505000193A5 /* Products */,
				D9A547418CF42B9F40F21CD0 /* Pods */,
				8533C8BD0573D94A362B080E /* Frameworks */,
			);
			sourceTree = "<group>";
		};
		82893BCB1F8CB505000193A5 /* Products */ = {
			isa = PBXGroup;
			children = (
				82893BCA1F8CB505000193A5 /* foodsy.app */,
				82893BE11F8CB505000193A5 /* foodsyTests.xctest */,
				82893BEC1F8CB505000193A5 /* foodsyUITests.xctest */,
			);
			name = Products;
			sourceTree = "<group>";
		};
		82893BCC1F8CB505000193A5 /* foodsy */ = {
			isa = PBXGroup;
			children = (
				6832DCC61F9030D00044ADCC /* API */,
				82893BCD1F8CB505000193A5 /* AppDelegate.swift */,
				829C44FF1F90B3E6001B3439 /* Storyboards */,
				82893BD71F8CB505000193A5 /* Assets.xcassets */,
				821FB4561F8CB99100722263 /* Models */,
				82893BDC1F8CB505000193A5 /* Info.plist */,
				821FB4581F8CB9AF00722263 /* Views */,
				821FB4571F8CB9A700722263 /* ViewControllers */,
				82893BD41F8CB505000193A5 /* foodsy.xcdatamodeld */,
				821FB4631F8CBEFE00722263 /* Constants.swift */,
				829C44F91F90A759001B3439 /* AppStoryboard.swift */,
			);
			path = foodsy;
			sourceTree = "<group>";
		};
		82893BE41F8CB505000193A5 /* foodsyTests */ = {
			isa = PBXGroup;
			children = (
				82893BE51F8CB505000193A5 /* foodsyTests.swift */,
				82893BE71F8CB505000193A5 /* Info.plist */,
			);
			path = foodsyTests;
			sourceTree = "<group>";
		};
		82893BEF1F8CB505000193A5 /* foodsyUITests */ = {
			isa = PBXGroup;
			children = (
				82893BF01F8CB505000193A5 /* foodsyUITests.swift */,
				82893BF21F8CB505000193A5 /* Info.plist */,
			);
			path = foodsyUITests;
			sourceTree = "<group>";
		};
		829C44FF1F90B3E6001B3439 /* Storyboards */ = {
			isa = PBXGroup;
			children = (
				82893BD11F8CB505000193A5 /* Main.storyboard */,
				82893BD91F8CB505000193A5 /* LaunchScreen.storyboard */,
				829C44F61F90A3FA001B3439 /* Login.storyboard */,
				821FB45A1F8CB9E400722263 /* Profile.storyboard */,
				829C450D1F928E9B001B3439 /* Filters.storyboard */,
				68243AF71F943BA60016F9F8 /* IngredientList.storyboard */,
				829C45241F9475FE001B3439 /* Recipe.storyboard */,
				829C45371F94A9E3001B3439 /* RecipeList.storyboard */,
			);
			path = Storyboards;
			sourceTree = "<group>";
		};
		8533C8BD0573D94A362B080E /* Frameworks */ = {
			isa = PBXGroup;
			children = (
				8EDB72439C20CFA1B968681E /* Pods_foodsy.framework */,
				0FCBCE2938D2E85D2B42A74D /* Pods_foodsyTests.framework */,
				94C3C6BC3927A69E0C41D872 /* Pods_foodsyUITests.framework */,
			);
			name = Frameworks;
			sourceTree = "<group>";
		};
		D9A547418CF42B9F40F21CD0 /* Pods */ = {
			isa = PBXGroup;
			children = (
				A2F48C7FE5EA8FB75B52A853 /* Pods-foodsy.debug.xcconfig */,
				AD28502749A13D7EC72BA627 /* Pods-foodsy.release.xcconfig */,
				46CC0D44A69F21D64C296C71 /* Pods-foodsyTests.debug.xcconfig */,
				6E73ACB0888BF240657DCA6B /* Pods-foodsyTests.release.xcconfig */,
				8E7106DC05E48A37A3B41E57 /* Pods-foodsyUITests.debug.xcconfig */,
				095D13F917A6062C66CC8B26 /* Pods-foodsyUITests.release.xcconfig */,
			);
			name = Pods;
			sourceTree = "<group>";
		};
/* End PBXGroup section */

/* Begin PBXNativeTarget section */
		82893BC91F8CB505000193A5 /* foodsy */ = {
			isa = PBXNativeTarget;
			buildConfigurationList = 82893BF51F8CB505000193A5 /* Build configuration list for PBXNativeTarget "foodsy" */;
			buildPhases = (
				5C5254741E4BA3D46D34FA57 /* [CP] Check Pods Manifest.lock */,
				82893BC61F8CB505000193A5 /* Sources */,
				82893BC71F8CB505000193A5 /* Frameworks */,
				82893BC81F8CB505000193A5 /* Resources */,
				9919F57AF373413923BE61FF /* [CP] Embed Pods Frameworks */,
				BD0CFA6EC07C19B789F83482 /* [CP] Copy Pods Resources */,
			);
			buildRules = (
			);
			dependencies = (
			);
			name = foodsy;
			productName = foodsy;
			productReference = 82893BCA1F8CB505000193A5 /* foodsy.app */;
			productType = "com.apple.product-type.application";
		};
		82893BE01F8CB505000193A5 /* foodsyTests */ = {
			isa = PBXNativeTarget;
			buildConfigurationList = 82893BF81F8CB505000193A5 /* Build configuration list for PBXNativeTarget "foodsyTests" */;
			buildPhases = (
				50842263922E42B614DBF018 /* [CP] Check Pods Manifest.lock */,
				82893BDD1F8CB505000193A5 /* Sources */,
				82893BDE1F8CB505000193A5 /* Frameworks */,
				82893BDF1F8CB505000193A5 /* Resources */,
				79B481F10FDB3B096D7829D2 /* [CP] Embed Pods Frameworks */,
				A4318E3F18EEE9C33D4A6D00 /* [CP] Copy Pods Resources */,
			);
			buildRules = (
			);
			dependencies = (
				82893BE31F8CB505000193A5 /* PBXTargetDependency */,
			);
			name = foodsyTests;
			productName = foodsyTests;
			productReference = 82893BE11F8CB505000193A5 /* foodsyTests.xctest */;
			productType = "com.apple.product-type.bundle.unit-test";
		};
		82893BEB1F8CB505000193A5 /* foodsyUITests */ = {
			isa = PBXNativeTarget;
			buildConfigurationList = 82893BFB1F8CB505000193A5 /* Build configuration list for PBXNativeTarget "foodsyUITests" */;
			buildPhases = (
				E86DE2205803456722496106 /* [CP] Check Pods Manifest.lock */,
				82893BE81F8CB505000193A5 /* Sources */,
				82893BE91F8CB505000193A5 /* Frameworks */,
				82893BEA1F8CB505000193A5 /* Resources */,
				9D8F79D42379C1C6931CB00C /* [CP] Embed Pods Frameworks */,
				EEA34D2A8D9598BFCD5DB3F6 /* [CP] Copy Pods Resources */,
			);
			buildRules = (
			);
			dependencies = (
				82893BEE1F8CB505000193A5 /* PBXTargetDependency */,
			);
			name = foodsyUITests;
			productName = foodsyUITests;
			productReference = 82893BEC1F8CB505000193A5 /* foodsyUITests.xctest */;
			productType = "com.apple.product-type.bundle.ui-testing";
		};
/* End PBXNativeTarget section */

/* Begin PBXProject section */
		82893BC21F8CB505000193A5 /* Project object */ = {
			isa = PBXProject;
			attributes = {
				LastSwiftUpdateCheck = 0900;
				LastUpgradeCheck = 0900;
				ORGANIZATIONNAME = Foodly;
				TargetAttributes = {
					82893BC91F8CB505000193A5 = {
						CreatedOnToolsVersion = 9.0;
						ProvisioningStyle = Automatic;
					};
					82893BE01F8CB505000193A5 = {
						CreatedOnToolsVersion = 9.0;
						ProvisioningStyle = Automatic;
						TestTargetID = 82893BC91F8CB505000193A5;
					};
					82893BEB1F8CB505000193A5 = {
						CreatedOnToolsVersion = 9.0;
						ProvisioningStyle = Automatic;
						TestTargetID = 82893BC91F8CB505000193A5;
					};
				};
			};
			buildConfigurationList = 82893BC51F8CB505000193A5 /* Build configuration list for PBXProject "foodsy" */;
			compatibilityVersion = "Xcode 8.0";
			developmentRegion = en;
			hasScannedForEncodings = 0;
			knownRegions = (
				en,
				Base,
			);
			mainGroup = 82893BC11F8CB505000193A5;
			productRefGroup = 82893BCB1F8CB505000193A5 /* Products */;
			projectDirPath = "";
			projectRoot = "";
			targets = (
				82893BC91F8CB505000193A5 /* foodsy */,
				82893BE01F8CB505000193A5 /* foodsyTests */,
				82893BEB1F8CB505000193A5 /* foodsyUITests */,
			);
		};
/* End PBXProject section */

/* Begin PBXResourcesBuildPhase section */
		82893BC81F8CB505000193A5 /* Resources */ = {
			isa = PBXResourcesBuildPhase;
			buildActionMask = 2147483647;
			files = (
				829C45391F94A9E3001B3439 /* RecipeList.storyboard in Resources */,
				68243AFE1F943FF70016F9F8 /* IngredientTableViewCell.xib in Resources */,
				829C45451F95D03B001B3439 /* RecipeIngredientsView.xib in Resources */,
				829C44FE1F90A940001B3439 /* ProfileSetupView.xib in Resources */,
				829C45211F929017001B3439 /* FiltersCollapsedCell.xib in Resources */,
				829C45151F928F42001B3439 /* FiltersSwitchCell.xib in Resources */,
				829C452E1F947D49001B3439 /* RecipeInstructionView.xib in Resources */,
				82893BDB1F8CB505000193A5 /* LaunchScreen.storyboard in Resources */,
				68243AF81F943BA60016F9F8 /* IngredientList.storyboard in Resources */,
				82893BD81F8CB505000193A5 /* Assets.xcassets in Resources */,
				821FB45C1F8CB9E400722263 /* Profile.storyboard in Resources */,
				829C44F81F90A3FA001B3439 /* Login.storyboard in Resources */,
				829C45261F9475FE001B3439 /* Recipe.storyboard in Resources */,
				829C450F1F928E9B001B3439 /* Filters.storyboard in Resources */,
				82893BD31F8CB505000193A5 /* Main.storyboard in Resources */,
				829C45191F928F56001B3439 /* FiltersSelectCell.xib in Resources */,
				829C453F1F94B08E001B3439 /* RecipeCell.xib in Resources */,
			);
			runOnlyForDeploymentPostprocessing = 0;
		};
		82893BDF1F8CB505000193A5 /* Resources */ = {
			isa = PBXResourcesBuildPhase;
			buildActionMask = 2147483647;
			files = (
			);
			runOnlyForDeploymentPostprocessing = 0;
		};
		82893BEA1F8CB505000193A5 /* Resources */ = {
			isa = PBXResourcesBuildPhase;
			buildActionMask = 2147483647;
			files = (
			);
			runOnlyForDeploymentPostprocessing = 0;
		};
/* End PBXResourcesBuildPhase section */

/* Begin PBXShellScriptBuildPhase section */
		50842263922E42B614DBF018 /* [CP] Check Pods Manifest.lock */ = {
			isa = PBXShellScriptBuildPhase;
			buildActionMask = 2147483647;
			files = (
			);
			inputPaths = (
				"${PODS_PODFILE_DIR_PATH}/Podfile.lock",
				"${PODS_ROOT}/Manifest.lock",
			);
			name = "[CP] Check Pods Manifest.lock";
			outputPaths = (
				"$(DERIVED_FILE_DIR)/Pods-foodsyTests-checkManifestLockResult.txt",
			);
			runOnlyForDeploymentPostprocessing = 0;
			shellPath = /bin/sh;
			shellScript = "diff \"${PODS_PODFILE_DIR_PATH}/Podfile.lock\" \"${PODS_ROOT}/Manifest.lock\" > /dev/null\nif [ $? != 0 ] ; then\n    # print error to STDERR\n    echo \"error: The sandbox is not in sync with the Podfile.lock. Run 'pod install' or update your CocoaPods installation.\" >&2\n    exit 1\nfi\n# This output is used by Xcode 'outputs' to avoid re-running this script phase.\necho \"SUCCESS\" > \"${SCRIPT_OUTPUT_FILE_0}\"\n";
			showEnvVarsInLog = 0;
		};
		5C5254741E4BA3D46D34FA57 /* [CP] Check Pods Manifest.lock */ = {
			isa = PBXShellScriptBuildPhase;
			buildActionMask = 2147483647;
			files = (
			);
			inputPaths = (
				"${PODS_PODFILE_DIR_PATH}/Podfile.lock",
				"${PODS_ROOT}/Manifest.lock",
			);
			name = "[CP] Check Pods Manifest.lock";
			outputPaths = (
				"$(DERIVED_FILE_DIR)/Pods-foodsy-checkManifestLockResult.txt",
			);
			runOnlyForDeploymentPostprocessing = 0;
			shellPath = /bin/sh;
			shellScript = "diff \"${PODS_PODFILE_DIR_PATH}/Podfile.lock\" \"${PODS_ROOT}/Manifest.lock\" > /dev/null\nif [ $? != 0 ] ; then\n    # print error to STDERR\n    echo \"error: The sandbox is not in sync with the Podfile.lock. Run 'pod install' or update your CocoaPods installation.\" >&2\n    exit 1\nfi\n# This output is used by Xcode 'outputs' to avoid re-running this script phase.\necho \"SUCCESS\" > \"${SCRIPT_OUTPUT_FILE_0}\"\n";
			showEnvVarsInLog = 0;
		};
		79B481F10FDB3B096D7829D2 /* [CP] Embed Pods Frameworks */ = {
			isa = PBXShellScriptBuildPhase;
			buildActionMask = 2147483647;
			files = (
			);
			inputPaths = (
			);
			name = "[CP] Embed Pods Frameworks";
			outputPaths = (
			);
			runOnlyForDeploymentPostprocessing = 0;
			shellPath = /bin/sh;
			shellScript = "\"${SRCROOT}/Pods/Target Support Files/Pods-foodsyTests/Pods-foodsyTests-frameworks.sh\"\n";
			showEnvVarsInLog = 0;
		};
		9919F57AF373413923BE61FF /* [CP] Embed Pods Frameworks */ = {
			isa = PBXShellScriptBuildPhase;
			buildActionMask = 2147483647;
			files = (
			);
			inputPaths = (
				"${SRCROOT}/Pods/Target Support Files/Pods-foodsy/Pods-foodsy-frameworks.sh",
				"${BUILT_PRODUCTS_DIR}/AFNetworking/AFNetworking.framework",
				"${BUILT_PRODUCTS_DIR}/BDBOAuth1Manager/BDBOAuth1Manager.framework",
				"${BUILT_PRODUCTS_DIR}/Bolts/Bolts.framework",
				"${BUILT_PRODUCTS_DIR}/MBProgressHUD/MBProgressHUD.framework",
				"${BUILT_PRODUCTS_DIR}/Parse/Parse.framework",
			);
			name = "[CP] Embed Pods Frameworks";
			outputPaths = (
				"${TARGET_BUILD_DIR}/${FRAMEWORKS_FOLDER_PATH}/AFNetworking.framework",
				"${TARGET_BUILD_DIR}/${FRAMEWORKS_FOLDER_PATH}/BDBOAuth1Manager.framework",
				"${TARGET_BUILD_DIR}/${FRAMEWORKS_FOLDER_PATH}/Bolts.framework",
				"${TARGET_BUILD_DIR}/${FRAMEWORKS_FOLDER_PATH}/MBProgressHUD.framework",
				"${TARGET_BUILD_DIR}/${FRAMEWORKS_FOLDER_PATH}/Parse.framework",
			);
			runOnlyForDeploymentPostprocessing = 0;
			shellPath = /bin/sh;
			shellScript = "\"${SRCROOT}/Pods/Target Support Files/Pods-foodsy/Pods-foodsy-frameworks.sh\"\n";
			showEnvVarsInLog = 0;
		};
		9D8F79D42379C1C6931CB00C /* [CP] Embed Pods Frameworks */ = {
			isa = PBXShellScriptBuildPhase;
			buildActionMask = 2147483647;
			files = (
			);
			inputPaths = (
			);
			name = "[CP] Embed Pods Frameworks";
			outputPaths = (
			);
			runOnlyForDeploymentPostprocessing = 0;
			shellPath = /bin/sh;
			shellScript = "\"${SRCROOT}/Pods/Target Support Files/Pods-foodsyUITests/Pods-foodsyUITests-frameworks.sh\"\n";
			showEnvVarsInLog = 0;
		};
		A4318E3F18EEE9C33D4A6D00 /* [CP] Copy Pods Resources */ = {
			isa = PBXShellScriptBuildPhase;
			buildActionMask = 2147483647;
			files = (
			);
			inputPaths = (
			);
			name = "[CP] Copy Pods Resources";
			outputPaths = (
			);
			runOnlyForDeploymentPostprocessing = 0;
			shellPath = /bin/sh;
			shellScript = "\"${SRCROOT}/Pods/Target Support Files/Pods-foodsyTests/Pods-foodsyTests-resources.sh\"\n";
			showEnvVarsInLog = 0;
		};
		BD0CFA6EC07C19B789F83482 /* [CP] Copy Pods Resources */ = {
			isa = PBXShellScriptBuildPhase;
			buildActionMask = 2147483647;
			files = (
			);
			inputPaths = (
			);
			name = "[CP] Copy Pods Resources";
			outputPaths = (
			);
			runOnlyForDeploymentPostprocessing = 0;
			shellPath = /bin/sh;
			shellScript = "\"${SRCROOT}/Pods/Target Support Files/Pods-foodsy/Pods-foodsy-resources.sh\"\n";
			showEnvVarsInLog = 0;
		};
		E86DE2205803456722496106 /* [CP] Check Pods Manifest.lock */ = {
			isa = PBXShellScriptBuildPhase;
			buildActionMask = 2147483647;
			files = (
			);
			inputPaths = (
				"${PODS_PODFILE_DIR_PATH}/Podfile.lock",
				"${PODS_ROOT}/Manifest.lock",
			);
			name = "[CP] Check Pods Manifest.lock";
			outputPaths = (
				"$(DERIVED_FILE_DIR)/Pods-foodsyUITests-checkManifestLockResult.txt",
			);
			runOnlyForDeploymentPostprocessing = 0;
			shellPath = /bin/sh;
			shellScript = "diff \"${PODS_PODFILE_DIR_PATH}/Podfile.lock\" \"${PODS_ROOT}/Manifest.lock\" > /dev/null\nif [ $? != 0 ] ; then\n    # print error to STDERR\n    echo \"error: The sandbox is not in sync with the Podfile.lock. Run 'pod install' or update your CocoaPods installation.\" >&2\n    exit 1\nfi\n# This output is used by Xcode 'outputs' to avoid re-running this script phase.\necho \"SUCCESS\" > \"${SCRIPT_OUTPUT_FILE_0}\"\n";
			showEnvVarsInLog = 0;
		};
		EEA34D2A8D9598BFCD5DB3F6 /* [CP] Copy Pods Resources */ = {
			isa = PBXShellScriptBuildPhase;
			buildActionMask = 2147483647;
			files = (
			);
			inputPaths = (
			);
			name = "[CP] Copy Pods Resources";
			outputPaths = (
			);
			runOnlyForDeploymentPostprocessing = 0;
			shellPath = /bin/sh;
			shellScript = "\"${SRCROOT}/Pods/Target Support Files/Pods-foodsyUITests/Pods-foodsyUITests-resources.sh\"\n";
			showEnvVarsInLog = 0;
		};
/* End PBXShellScriptBuildPhase section */

/* Begin PBXSourcesBuildPhase section */
		82893BC61F8CB505000193A5 /* Sources */ = {
			isa = PBXSourcesBuildPhase;
			buildActionMask = 2147483647;
			files = (
				829C44FA1F90A759001B3439 /* AppStoryboard.swift in Sources */,
				68243B001F9454400016F9F8 /* IngredientSearchViewController.swift in Sources */,
				6832DCC81F9031550044ADCC /* TwitterClient.swift in Sources */,
				829C453E1F94B08E001B3439 /* RecipeCell.swift in Sources */,
				821FB4601F8CBE4F00722263 /* Profile.swift in Sources */,
				829C45471F95D0C1001B3439 /* RecipeIngredientsView.swift in Sources */,
				829C45321F9480E7001B3439 /* RecipeDetailsViewController.swift in Sources */,
				82893BD01F8CB505000193A5 /* LoginViewController.swift in Sources */,
				68D51C6E1F928AA400EAF4D0 /* ApiToken.swift in Sources */,
				829C44FC1F90A925001B3439 /* ProfileSetupView.swift in Sources */,
				82893BCE1F8CB505000193A5 /* AppDelegate.swift in Sources */,
				6832DCCA1F9031BD0044ADCC /* User.swift in Sources */,
				829C45341F9497BA001B3439 /* Recipe.swift in Sources */,
				829C453B1F94B016001B3439 /* RecipeListViewController.swift in Sources */,
				821FB4661F8CC00500722263 /* ProfileViewController.swift in Sources */,
				68243AFA1F943FCD0016F9F8 /* IngredientsListViewController.swift in Sources */,
				82893BD61F8CB505000193A5 /* foodsy.xcdatamodeld in Sources */,
				829C45411F94B4FB001B3439 /* RecipeTableView.swift in Sources */,
				829C45201F929017001B3439 /* FiltersCollapsedCell.swift in Sources */,
				821FB4641F8CBEFE00722263 /* Constants.swift in Sources */,
				68243AFD1F943FF70016F9F8 /* IngredientTableViewCell.swift in Sources */,
				829C45111F928EA8001B3439 /* FiltersViewController.swift in Sources */,
				829C45181F928F56001B3439 /* FiltersSelectCell.swift in Sources */,
				829C45231F941F20001B3439 /* FiltersTableView.swift in Sources */,
				829C45141F928F42001B3439 /* FiltersSwitchCell.swift in Sources */,
				68243B021F9457D50016F9F8 /* IngredientClient.swift in Sources */,
				829C45011F90BF40001B3439 /* Ingredient.swift in Sources */,
				829C45361F94A02D001B3439 /* RecipeClient.swift in Sources */,
				829C452C1F947D26001B3439 /* RecipeInstructionView.swift in Sources */,
			);
			runOnlyForDeploymentPostprocessing = 0;
		};
		82893BDD1F8CB505000193A5 /* Sources */ = {
			isa = PBXSourcesBuildPhase;
			buildActionMask = 2147483647;
			files = (
				82893BE61F8CB505000193A5 /* foodsyTests.swift in Sources */,
			);
			runOnlyForDeploymentPostprocessing = 0;
		};
		82893BE81F8CB505000193A5 /* Sources */ = {
			isa = PBXSourcesBuildPhase;
			buildActionMask = 2147483647;
			files = (
				82893BF11F8CB505000193A5 /* foodsyUITests.swift in Sources */,
			);
			runOnlyForDeploymentPostprocessing = 0;
		};
/* End PBXSourcesBuildPhase section */

/* Begin PBXTargetDependency section */
		82893BE31F8CB505000193A5 /* PBXTargetDependency */ = {
			isa = PBXTargetDependency;
			target = 82893BC91F8CB505000193A5 /* foodsy */;
			targetProxy = 82893BE21F8CB505000193A5 /* PBXContainerItemProxy */;
		};
		82893BEE1F8CB505000193A5 /* PBXTargetDependency */ = {
			isa = PBXTargetDependency;
			target = 82893BC91F8CB505000193A5 /* foodsy */;
			targetProxy = 82893BED1F8CB505000193A5 /* PBXContainerItemProxy */;
		};
/* End PBXTargetDependency section */

/* Begin PBXVariantGroup section */
		821FB45A1F8CB9E400722263 /* Profile.storyboard */ = {
			isa = PBXVariantGroup;
			children = (
				821FB45B1F8CB9E400722263 /* Base */,
			);
			name = Profile.storyboard;
			sourceTree = "<group>";
		};
		82893BD11F8CB505000193A5 /* Main.storyboard */ = {
			isa = PBXVariantGroup;
			children = (
				82893BD21F8CB505000193A5 /* Base */,
			);
			name = Main.storyboard;
			sourceTree = "<group>";
		};
		82893BD91F8CB505000193A5 /* LaunchScreen.storyboard */ = {
			isa = PBXVariantGroup;
			children = (
				82893BDA1F8CB505000193A5 /* Base */,
			);
			name = LaunchScreen.storyboard;
			sourceTree = "<group>";
		};
		829C44F61F90A3FA001B3439 /* Login.storyboard */ = {
			isa = PBXVariantGroup;
			children = (
				829C44F71F90A3FA001B3439 /* Base */,
			);
			name = Login.storyboard;
			sourceTree = "<group>";
		};
		829C450D1F928E9B001B3439 /* Filters.storyboard */ = {
			isa = PBXVariantGroup;
			children = (
				829C450E1F928E9B001B3439 /* Base */,
			);
			name = Filters.storyboard;
			sourceTree = "<group>";
		};
		829C45241F9475FE001B3439 /* Recipe.storyboard */ = {
			isa = PBXVariantGroup;
			children = (
				829C45251F9475FE001B3439 /* Base */,
			);
			name = Recipe.storyboard;
			sourceTree = "<group>";
		};
		829C45371F94A9E3001B3439 /* RecipeList.storyboard */ = {
			isa = PBXVariantGroup;
			children = (
				829C45381F94A9E3001B3439 /* Base */,
			);
			name = RecipeList.storyboard;
			sourceTree = "<group>";
		};
/* End PBXVariantGroup section */

/* Begin XCBuildConfiguration section */
		82893BF31F8CB505000193A5 /* Debug */ = {
			isa = XCBuildConfiguration;
			buildSettings = {
				ALWAYS_SEARCH_USER_PATHS = NO;
				CLANG_ANALYZER_NONNULL = YES;
				CLANG_ANALYZER_NUMBER_OBJECT_CONVERSION = YES_AGGRESSIVE;
				CLANG_CXX_LANGUAGE_STANDARD = "gnu++14";
				CLANG_CXX_LIBRARY = "libc++";
				CLANG_ENABLE_MODULES = YES;
				CLANG_ENABLE_OBJC_ARC = YES;
				CLANG_WARN_BLOCK_CAPTURE_AUTORELEASING = YES;
				CLANG_WARN_BOOL_CONVERSION = YES;
				CLANG_WARN_COMMA = YES;
				CLANG_WARN_CONSTANT_CONVERSION = YES;
				CLANG_WARN_DIRECT_OBJC_ISA_USAGE = YES_ERROR;
				CLANG_WARN_DOCUMENTATION_COMMENTS = YES;
				CLANG_WARN_EMPTY_BODY = YES;
				CLANG_WARN_ENUM_CONVERSION = YES;
				CLANG_WARN_INFINITE_RECURSION = YES;
				CLANG_WARN_INT_CONVERSION = YES;
				CLANG_WARN_NON_LITERAL_NULL_CONVERSION = YES;
				CLANG_WARN_OBJC_LITERAL_CONVERSION = YES;
				CLANG_WARN_OBJC_ROOT_CLASS = YES_ERROR;
				CLANG_WARN_RANGE_LOOP_ANALYSIS = YES;
				CLANG_WARN_STRICT_PROTOTYPES = YES;
				CLANG_WARN_SUSPICIOUS_MOVE = YES;
				CLANG_WARN_UNGUARDED_AVAILABILITY = YES_AGGRESSIVE;
				CLANG_WARN_UNREACHABLE_CODE = YES;
				CLANG_WARN__DUPLICATE_METHOD_MATCH = YES;
				CODE_SIGN_IDENTITY = "iPhone Developer";
				COPY_PHASE_STRIP = NO;
				DEBUG_INFORMATION_FORMAT = dwarf;
				ENABLE_STRICT_OBJC_MSGSEND = YES;
				ENABLE_TESTABILITY = YES;
				GCC_C_LANGUAGE_STANDARD = gnu11;
				GCC_DYNAMIC_NO_PIC = NO;
				GCC_NO_COMMON_BLOCKS = YES;
				GCC_OPTIMIZATION_LEVEL = 0;
				GCC_PREPROCESSOR_DEFINITIONS = (
					"DEBUG=1",
					"$(inherited)",
				);
				GCC_WARN_64_TO_32_BIT_CONVERSION = YES;
				GCC_WARN_ABOUT_RETURN_TYPE = YES_ERROR;
				GCC_WARN_UNDECLARED_SELECTOR = YES;
				GCC_WARN_UNINITIALIZED_AUTOS = YES_AGGRESSIVE;
				GCC_WARN_UNUSED_FUNCTION = YES;
				GCC_WARN_UNUSED_VARIABLE = YES;
				IPHONEOS_DEPLOYMENT_TARGET = 11.0;
				MTL_ENABLE_DEBUG_INFO = YES;
				ONLY_ACTIVE_ARCH = YES;
				SDKROOT = iphoneos;
				SWIFT_ACTIVE_COMPILATION_CONDITIONS = DEBUG;
				SWIFT_OPTIMIZATION_LEVEL = "-Onone";
			};
			name = Debug;
		};
		82893BF41F8CB505000193A5 /* Release */ = {
			isa = XCBuildConfiguration;
			buildSettings = {
				ALWAYS_SEARCH_USER_PATHS = NO;
				CLANG_ANALYZER_NONNULL = YES;
				CLANG_ANALYZER_NUMBER_OBJECT_CONVERSION = YES_AGGRESSIVE;
				CLANG_CXX_LANGUAGE_STANDARD = "gnu++14";
				CLANG_CXX_LIBRARY = "libc++";
				CLANG_ENABLE_MODULES = YES;
				CLANG_ENABLE_OBJC_ARC = YES;
				CLANG_WARN_BLOCK_CAPTURE_AUTORELEASING = YES;
				CLANG_WARN_BOOL_CONVERSION = YES;
				CLANG_WARN_COMMA = YES;
				CLANG_WARN_CONSTANT_CONVERSION = YES;
				CLANG_WARN_DIRECT_OBJC_ISA_USAGE = YES_ERROR;
				CLANG_WARN_DOCUMENTATION_COMMENTS = YES;
				CLANG_WARN_EMPTY_BODY = YES;
				CLANG_WARN_ENUM_CONVERSION = YES;
				CLANG_WARN_INFINITE_RECURSION = YES;
				CLANG_WARN_INT_CONVERSION = YES;
				CLANG_WARN_NON_LITERAL_NULL_CONVERSION = YES;
				CLANG_WARN_OBJC_LITERAL_CONVERSION = YES;
				CLANG_WARN_OBJC_ROOT_CLASS = YES_ERROR;
				CLANG_WARN_RANGE_LOOP_ANALYSIS = YES;
				CLANG_WARN_STRICT_PROTOTYPES = YES;
				CLANG_WARN_SUSPICIOUS_MOVE = YES;
				CLANG_WARN_UNGUARDED_AVAILABILITY = YES_AGGRESSIVE;
				CLANG_WARN_UNREACHABLE_CODE = YES;
				CLANG_WARN__DUPLICATE_METHOD_MATCH = YES;
				CODE_SIGN_IDENTITY = "iPhone Developer";
				COPY_PHASE_STRIP = NO;
				DEBUG_INFORMATION_FORMAT = "dwarf-with-dsym";
				ENABLE_NS_ASSERTIONS = NO;
				ENABLE_STRICT_OBJC_MSGSEND = YES;
				GCC_C_LANGUAGE_STANDARD = gnu11;
				GCC_NO_COMMON_BLOCKS = YES;
				GCC_WARN_64_TO_32_BIT_CONVERSION = YES;
				GCC_WARN_ABOUT_RETURN_TYPE = YES_ERROR;
				GCC_WARN_UNDECLARED_SELECTOR = YES;
				GCC_WARN_UNINITIALIZED_AUTOS = YES_AGGRESSIVE;
				GCC_WARN_UNUSED_FUNCTION = YES;
				GCC_WARN_UNUSED_VARIABLE = YES;
				IPHONEOS_DEPLOYMENT_TARGET = 11.0;
				MTL_ENABLE_DEBUG_INFO = NO;
				SDKROOT = iphoneos;
				SWIFT_OPTIMIZATION_LEVEL = "-Owholemodule";
				VALIDATE_PRODUCT = YES;
			};
			name = Release;
		};
		82893BF61F8CB505000193A5 /* Debug */ = {
			isa = XCBuildConfiguration;
			baseConfigurationReference = A2F48C7FE5EA8FB75B52A853 /* Pods-foodsy.debug.xcconfig */;
			buildSettings = {
				ASSETCATALOG_COMPILER_APPICON_NAME = AppIcon;
				CODE_SIGN_STYLE = Automatic;
				DEVELOPMENT_TEAM = "";
				INFOPLIST_FILE = foodsy/Info.plist;
				LD_RUNPATH_SEARCH_PATHS = "$(inherited) @executable_path/Frameworks";
				PRODUCT_BUNDLE_IDENTIFIER = com.Foodly.foodsy;
				PRODUCT_NAME = "$(TARGET_NAME)";
				SWIFT_VERSION = 4.0;
				TARGETED_DEVICE_FAMILY = "1,2";
			};
			name = Debug;
		};
		82893BF71F8CB505000193A5 /* Release */ = {
			isa = XCBuildConfiguration;
			baseConfigurationReference = AD28502749A13D7EC72BA627 /* Pods-foodsy.release.xcconfig */;
			buildSettings = {
				ASSETCATALOG_COMPILER_APPICON_NAME = AppIcon;
				CODE_SIGN_STYLE = Automatic;
				DEVELOPMENT_TEAM = "";
				INFOPLIST_FILE = foodsy/Info.plist;
				LD_RUNPATH_SEARCH_PATHS = "$(inherited) @executable_path/Frameworks";
				PRODUCT_BUNDLE_IDENTIFIER = com.Foodly.foodsy;
				PRODUCT_NAME = "$(TARGET_NAME)";
				SWIFT_VERSION = 4.0;
				TARGETED_DEVICE_FAMILY = "1,2";
			};
			name = Release;
		};
		82893BF91F8CB505000193A5 /* Debug */ = {
			isa = XCBuildConfiguration;
			baseConfigurationReference = 46CC0D44A69F21D64C296C71 /* Pods-foodsyTests.debug.xcconfig */;
			buildSettings = {
				ALWAYS_EMBED_SWIFT_STANDARD_LIBRARIES = YES;
				BUNDLE_LOADER = "$(TEST_HOST)";
				CODE_SIGN_STYLE = Automatic;
				INFOPLIST_FILE = foodsyTests/Info.plist;
				LD_RUNPATH_SEARCH_PATHS = "$(inherited) @executable_path/Frameworks @loader_path/Frameworks";
				PRODUCT_BUNDLE_IDENTIFIER = com.Foodly.foodsyTests;
				PRODUCT_NAME = "$(TARGET_NAME)";
				SWIFT_VERSION = 4.0;
				TARGETED_DEVICE_FAMILY = "1,2";
				TEST_HOST = "$(BUILT_PRODUCTS_DIR)/foodsy.app/foodsy";
			};
			name = Debug;
		};
		82893BFA1F8CB505000193A5 /* Release */ = {
			isa = XCBuildConfiguration;
			baseConfigurationReference = 6E73ACB0888BF240657DCA6B /* Pods-foodsyTests.release.xcconfig */;
			buildSettings = {
				ALWAYS_EMBED_SWIFT_STANDARD_LIBRARIES = YES;
				BUNDLE_LOADER = "$(TEST_HOST)";
				CODE_SIGN_STYLE = Automatic;
				INFOPLIST_FILE = foodsyTests/Info.plist;
				LD_RUNPATH_SEARCH_PATHS = "$(inherited) @executable_path/Frameworks @loader_path/Frameworks";
				PRODUCT_BUNDLE_IDENTIFIER = com.Foodly.foodsyTests;
				PRODUCT_NAME = "$(TARGET_NAME)";
				SWIFT_VERSION = 4.0;
				TARGETED_DEVICE_FAMILY = "1,2";
				TEST_HOST = "$(BUILT_PRODUCTS_DIR)/foodsy.app/foodsy";
			};
			name = Release;
		};
		82893BFC1F8CB505000193A5 /* Debug */ = {
			isa = XCBuildConfiguration;
			baseConfigurationReference = 8E7106DC05E48A37A3B41E57 /* Pods-foodsyUITests.debug.xcconfig */;
			buildSettings = {
				ALWAYS_EMBED_SWIFT_STANDARD_LIBRARIES = YES;
				CODE_SIGN_STYLE = Automatic;
				INFOPLIST_FILE = foodsyUITests/Info.plist;
				LD_RUNPATH_SEARCH_PATHS = "$(inherited) @executable_path/Frameworks @loader_path/Frameworks";
				PRODUCT_BUNDLE_IDENTIFIER = com.Foodly.foodsyUITests;
				PRODUCT_NAME = "$(TARGET_NAME)";
				SWIFT_VERSION = 4.0;
				TARGETED_DEVICE_FAMILY = "1,2";
				TEST_TARGET_NAME = foodsy;
			};
			name = Debug;
		};
		82893BFD1F8CB505000193A5 /* Release */ = {
			isa = XCBuildConfiguration;
			baseConfigurationReference = 095D13F917A6062C66CC8B26 /* Pods-foodsyUITests.release.xcconfig */;
			buildSettings = {
				ALWAYS_EMBED_SWIFT_STANDARD_LIBRARIES = YES;
				CODE_SIGN_STYLE = Automatic;
				INFOPLIST_FILE = foodsyUITests/Info.plist;
				LD_RUNPATH_SEARCH_PATHS = "$(inherited) @executable_path/Frameworks @loader_path/Frameworks";
				PRODUCT_BUNDLE_IDENTIFIER = com.Foodly.foodsyUITests;
				PRODUCT_NAME = "$(TARGET_NAME)";
				SWIFT_VERSION = 4.0;
				TARGETED_DEVICE_FAMILY = "1,2";
				TEST_TARGET_NAME = foodsy;
			};
			name = Release;
		};
/* End XCBuildConfiguration section */

/* Begin XCConfigurationList section */
		82893BC51F8CB505000193A5 /* Build configuration list for PBXProject "foodsy" */ = {
			isa = XCConfigurationList;
			buildConfigurations = (
				82893BF31F8CB505000193A5 /* Debug */,
				82893BF41F8CB505000193A5 /* Release */,
			);
			defaultConfigurationIsVisible = 0;
			defaultConfigurationName = Release;
		};
		82893BF51F8CB505000193A5 /* Build configuration list for PBXNativeTarget "foodsy" */ = {
			isa = XCConfigurationList;
			buildConfigurations = (
				82893BF61F8CB505000193A5 /* Debug */,
				82893BF71F8CB505000193A5 /* Release */,
			);
			defaultConfigurationIsVisible = 0;
			defaultConfigurationName = Release;
		};
		82893BF81F8CB505000193A5 /* Build configuration list for PBXNativeTarget "foodsyTests" */ = {
			isa = XCConfigurationList;
			buildConfigurations = (
				82893BF91F8CB505000193A5 /* Debug */,
				82893BFA1F8CB505000193A5 /* Release */,
			);
			defaultConfigurationIsVisible = 0;
			defaultConfigurationName = Release;
		};
		82893BFB1F8CB505000193A5 /* Build configuration list for PBXNativeTarget "foodsyUITests" */ = {
			isa = XCConfigurationList;
			buildConfigurations = (
				82893BFC1F8CB505000193A5 /* Debug */,
				82893BFD1F8CB505000193A5 /* Release */,
			);
			defaultConfigurationIsVisible = 0;
			defaultConfigurationName = Release;
		};
/* End XCConfigurationList section */

/* Begin XCVersionGroup section */
		82893BD41F8CB505000193A5 /* foodsy.xcdatamodeld */ = {
			isa = XCVersionGroup;
			children = (
				82893BD51F8CB505000193A5 /* foodsy.xcdatamodel */,
			);
			currentVersion = 82893BD51F8CB505000193A5 /* foodsy.xcdatamodel */;
			path = foodsy.xcdatamodeld;
			sourceTree = "<group>";
			versionGroupType = wrapper.xcdatamodel;
		};
/* End XCVersionGroup section */
	};
	rootObject = 82893BC21F8CB505000193A5 /* Project object */;
}
